{
  "requires": true,
  "lockfileVersion": 1,
  "dependencies": {
    "chrome-extension-async": {
      "version": "3.3.2",
      "resolved": "https://registry.npmjs.org/chrome-extension-async/-/chrome-extension-async-3.3.2.tgz",
      "integrity": "sha512-MsZa46gKl2FHDJ33JROPKBStLKjkEPXT8ABB7O7cWDNRw8L+wyPF0RhDura5bsJySnRJtcLZLIxvBFUOZpu3YA=="
    }
  }
}
